PODS:
  - Alamofire (4.7.0)
  - AppCenter (1.5.0):
    - AppCenter/Analytics (= 1.5.0)
    - AppCenter/Crashes (= 1.5.0)
  - AppCenter/Analytics (1.5.0):
    - AppCenter/Core
  - AppCenter/Core (1.5.0)
  - AppCenter/Crashes (1.5.0):
    - AppCenter/Core
  - PromiseKit (4.4.0):
    - PromiseKit/Foundation (= 4.4.0)
    - PromiseKit/QuartzCore (= 4.4.0)
    - PromiseKit/UIKit (= 4.4.0)
  - PromiseKit/CorePromise (4.4.0)
  - PromiseKit/Foundation (4.4.0):
    - PromiseKit/CorePromise
  - PromiseKit/QuartzCore (4.4.0):
    - PromiseKit/CorePromise
  - PromiseKit/UIKit (4.4.0):
    - PromiseKit/CorePromise
  - Starscream (3.0.4)
  - SwiftyJSON (4.0.0)

DEPENDENCIES:
  - Alamofire (~> 4.0)
  - AppCenter
  - PromiseKit (~> 4.4)
  - Starscream (~> 3.0.3)
  - SwiftyJSON (~> 4.0)

SPEC CHECKSUMS:
  Alamofire: 907e0a98eb68cdb7f9d1f541a563d6ac5dc77b25
  AppCenter: 42c293f0de27e173aacd600a55a49da5317cd40e
  PromiseKit: ecf5fe92275d57ee77c9ede858af47a162e9b97e
  Starscream: f5da93fe6984c77b694366bf7299b7dc63a76f26
  SwiftyJSON: 070dabdcb1beb81b247c65ffa3a79dbbfb3b48aa

PODFILE CHECKSUM: 563efec62eb90b459eb68c25d386968e77185d88

COCOAPODS: 1.4.0
