PODS:
  - Alamofire (4.8.2)
  - AppCenter (1.14.0):
    - AppCenter/Analytics (= 1.14.0)
    - AppCenter/Crashes (= 1.14.0)
  - AppCenter/Analytics (1.14.0):
    - AppCenter/Core
  - AppCenter/Core (1.14.0)
  - AppCenter/Crashes (1.14.0):
    - AppCenter/Core
  - PromiseKit (6.8.3):
    - PromiseKit/CorePromise (= 6.8.3)
    - PromiseKit/Foundation (= 6.8.3)
    - PromiseKit/UIKit (= 6.8.3)
  - PromiseKit/CorePromise (6.8.3)
  - PromiseKit/Foundation (6.8.3):
    - PromiseKit/CorePromise
  - Starscream (3.1.0)
  - SwiftyJSON (4.3.0)

DEPENDENCIES:
  - Alamofire (~> 4.0)
  - AppCenter
  - PromiseKit (~> 6.0)
  - Starscream (~> 3.1)
  - SwiftyJSON (~> 4.0)

SPEC REPOS:
  https://github.com/cocoapods/specs.git:
    - Alamofire
    - AppCenter
    - PromiseKit
    - Starscream
    - SwiftyJSON

SPEC CHECKSUMS:
  Alamofire: ae5c501addb7afdbb13687d7f2f722c78734c2d3
  AppCenter: 02c5efe08d3bbab5421ae41d5f7aa7238906b817
  PromiseKit: 94c6e781838c5bf4717677d0d882b0e7250c80fc
  Starscream: 08172b481e145289c4930cb567230fb55897cfa4
  SwiftyJSON: 6faa0040f8b59dead0ee07436cbf76b73c08fd08

PODFILE CHECKSUM: aed64897fd73d51c924d471a00dc10de62de7097

COCOAPODS: 1.6.1
